
Microsoft Visual Studio Solution File, Format Version 12.00
# Visual Studio Version 16
VisualStudioVersion = 16.0.31702.278
MinimumVisualStudioVersion = 10.0.40219.1
Project("{FAE04EC0-301F-11D3-BF4B-00C04F79EFBC}") = "Gotcha", "Gotcha\Gotcha.csproj", "{3D526DA3-8081-4C73-90C3-B192DED457B2}"
EndProject
Global
	GlobalSection(SolutionConfigurationPlatforms) = preSolution
		Debug|Any CPU = Debug|Any CPU
		Release|Any CPU = Release|Any CPU
	EndGlobalSection
	GlobalSection(ProjectConfigurationPlatforms) = postSolution
		{3D526DA3-8081-4C73-90C3-B192DED457B2}.Debug|Any CPU.ActiveCfg = Debug|Any CPU
		{3D526DA3-8081-4C73-90C3-B192DED457B2}.Debug|Any CPU.Build.0 = Debug|Any CPU
		{3D526DA3-8081-4C73-90C3-B192DED457B2}.Release|Any CPU.ActiveCfg = Release|Any CPU
		{3D526DA3-8081-4C73-90C3-B192DED457B2}.Release|Any CPU.Build.0 = Release|Any CPU
	EndGlobalSection
	GlobalSection(SolutionProperties) = preSolution
		HideSolutionNode = FALSE
	EndGlobalSection
	GlobalSection(ExtensibilityGlobals) = postSolution
		SolutionGuid = {40C6D2D1-EE4F-413B-A874-45C9A029507E}
	EndGlobalSection
EndGlobal
